
Microsoft Visual Studio Solution File, Format Version 12.00
# Visual Studio 15
VisualStudioVersion = 15.0.28010.2016
MinimumVisualStudioVersion = 10.0.40219.1
Project("{FAE04EC0-301F-11D3-BF4B-00C04F79EFBC}") = "HideColumnExample", "HideColumnExample\HideColumnExample.csproj", "{A7F19F7C-2970-42EE-B7A5-2D1C59B1615A}"
EndProject
Global
	GlobalSection(SolutionConfigurationPlatforms) = preSolution
		Debug|Any CPU = Debug|Any CPU
		Release|Any CPU = Release|Any CPU
	EndGlobalSection
	GlobalSection(ProjectConfigurationPlatforms) = postSolution
		{A7F19F7C-2970-42EE-B7A5-2D1C59B1615A}.Debug|Any CPU.ActiveCfg = Debug|Any CPU
		{A7F19F7C-2970-42EE-B7A5-2D1C59B1615A}.Debug|Any CPU.Build.0 = Debug|Any CPU
		{A7F19F7C-2970-42EE-B7A5-2D1C59B1615A}.Release|Any CPU.ActiveCfg = Release|Any CPU
		{A7F19F7C-2970-42EE-B7A5-2D1C59B1615A}.Release|Any CPU.Build.0 = Release|Any CPU
	EndGlobalSection
	GlobalSection(SolutionProperties) = preSolution
		HideSolutionNode = FALSE
	EndGlobalSection
	GlobalSection(ExtensibilityGlobals) = postSolution
		SolutionGuid = {B0C6051D-24E0-4D92-A39D-F0F64908EFB5}
	EndGlobalSection
EndGlobal
